{
    "name": "heroic-pixel-pusher",
    "version": "0.2.4",
    "lockfileVersion": 1,
    "requires": true,
    "dependencies": {
        "buffertools": {
            "version": "2.1.6",
            "resolved": "https://registry.npmjs.org/buffertools/-/buffertools-2.1.6.tgz",
            "integrity": "sha1-MMGbCFY2uI32kq7v7qD/FWeA6RY="
        }
    }
}
